
Microsoft Visual Studio Solution File, Format Version 12.00
# Visual Studio 15
VisualStudioVersion = 15.0.28010.2046
MinimumVisualStudioVersion = 10.0.40219.1
Project("{FAE04EC0-301F-11D3-BF4B-00C04F79EFBC}") = "DisableTouchScreen", "DisableTouchScreen\DisableTouchScreen.csproj", "{2F4857B4-0966-4228-8A0D-A44E93024EE5}"
EndProject
Global
	GlobalSection(SolutionConfigurationPlatforms) = preSolution
		Debug|Any CPU = Debug|Any CPU
		Release|Any CPU = Release|Any CPU
	EndGlobalSection
	GlobalSection(ProjectConfigurationPlatforms) = postSolution
		{2F4857B4-0966-4228-8A0D-A44E93024EE5}.Debug|Any CPU.ActiveCfg = Debug|Any CPU
		{2F4857B4-0966-4228-8A0D-A44E93024EE5}.Debug|Any CPU.Build.0 = Debug|Any CPU
		{2F4857B4-0966-4228-8A0D-A44E93024EE5}.Release|Any CPU.ActiveCfg = Release|Any CPU
		{2F4857B4-0966-4228-8A0D-A44E93024EE5}.Release|Any CPU.Build.0 = Release|Any CPU
	EndGlobalSection
	GlobalSection(SolutionProperties) = preSolution
		HideSolutionNode = FALSE
	EndGlobalSection
	GlobalSection(ExtensibilityGlobals) = postSolution
		SolutionGuid = {972EA054-0E19-42C9-979C-0504DA9FEC84}
	EndGlobalSection
EndGlobal
